// !$*UTF8*$!
{
	archiveVersion = 1;
	classes = {
	};
	objectVersion = 50;
	objects = {

/* Begin PBXBuildFile section */
		20A084F623C153800057E5C5 /* api.swift in Sources */ = {isa = PBXBuildFile; fileRef = 20A084F523C153800057E5C5 /* api.swift */; };
		20A084FA23C1DCD00057E5C5 /* Address.swift in Sources */ = {isa = PBXBuildFile; fileRef = 20A084F923C1DCD00057E5C5 /* Address.swift */; };
		20A084FC23C1DCE70057E5C5 /* PartAvailability.swift in Sources */ = {isa = PBXBuildFile; fileRef = 20A084FB23C1DCE70057E5C5 /* PartAvailability.swift */; };
		20A084FE23C1DD100057E5C5 /* Hour.swift in Sources */ = {isa = PBXBuildFile; fileRef = 20A084FD23C1DD100057E5C5 /* Hour.swift */; };
		20A0850023C1DD240057E5C5 /* StoreHours.swift in Sources */ = {isa = PBXBuildFile; fileRef = 20A084FF23C1DD240057E5C5 /* StoreHours.swift */; };
		20A0850223C1DD340057E5C5 /* Store.swift in Sources */ = {isa = PBXBuildFile; fileRef = 20A0850123C1DD340057E5C5 /* Store.swift */; };
		20A0850423C1DD4A0057E5C5 /* PickupMessageBody.swift in Sources */ = {isa = PBXBuildFile; fileRef = 20A0850323C1DD4A0057E5C5 /* PickupMessageBody.swift */; };
		20A0850623C1DD5B0057E5C5 /* Head.swift in Sources */ = {isa = PBXBuildFile; fileRef = 20A0850523C1DD5B0057E5C5 /* Head.swift */; };
		20A0850823C1DD6D0057E5C5 /* PickupMessage.swift in Sources */ = {isa = PBXBuildFile; fileRef = 20A0850723C1DD6D0057E5C5 /* PickupMessage.swift */; };
		20A0850C23C1DDD30057E5C5 /* RetailStore.swift in Sources */ = {isa = PBXBuildFile; fileRef = 20A0850B23C1DDD30057E5C5 /* RetailStore.swift */; };
		20A0850E23C1DDF70057E5C5 /* Product.swift in Sources */ = {isa = PBXBuildFile; fileRef = 20A0850D23C1DDF70057E5C5 /* Product.swift */; };
		20B698FC23BA02D800069F95 /* main.swift in Sources */ = {isa = PBXBuildFile; fileRef = 20B698FB23BA02D800069F95 /* main.swift */; };
/* End PBXBuildFile section */

/* Begin PBXCopyFilesBuildPhase section */
		20B698F623BA02D800069F95 /* CopyFiles */ = {
			isa = PBXCopyFilesBuildPhase;
			buildActionMask = 2147483647;
			dstPath = /usr/share/man/man1/;
			dstSubfolderSpec = 0;
			files = (
			);
			runOnlyForDeploymentPostprocessing = 1;
		};
/* End PBXCopyFilesBuildPhase section */

/* Begin PBXFileReference section */
		20A084F523C153800057E5C5 /* api.swift */ = {isa = PBXFileReference; lastKnownFileType = sourcecode.swift; path = api.swift; sourceTree = "<group>"; };
		20A084F923C1DCD00057E5C5 /* Address.swift */ = {isa = PBXFileReference; lastKnownFileType = sourcecode.swift; path = Address.swift; sourceTree = "<group>"; };
		20A084FB23C1DCE70057E5C5 /* PartAvailability.swift */ = {isa = PBXFileReference; lastKnownFileType = sourcecode.swift; path = PartAvailability.swift; sourceTree = "<group>"; };
		20A084FD23C1DD100057E5C5 /* Hour.swift */ = {isa = PBXFileReference; lastKnownFileType = sourcecode.swift; path = Hour.swift; sourceTree = "<group>"; };
		20A084FF23C1DD240057E5C5 /* StoreHours.swift */ = {isa = PBXFileReference; lastKnownFileType = sourcecode.swift; path = StoreHours.swift; sourceTree = "<group>"; };
		20A0850123C1DD340057E5C5 /* Store.swift */ = {isa = PBXFileReference; lastKnownFileType = sourcecode.swift; path = Store.swift; sourceTree = "<group>"; };
		20A0850323C1DD4A0057E5C5 /* PickupMessageBody.swift */ = {isa = PBXFileReference; lastKnownFileType = sourcecode.swift; path = PickupMessageBody.swift; sourceTree = "<group>"; };
		20A0850523C1DD5B0057E5C5 /* Head.swift */ = {isa = PBXFileReference; lastKnownFileType = sourcecode.swift; path = Head.swift; sourceTree = "<group>"; };
		20A0850723C1DD6D0057E5C5 /* PickupMessage.swift */ = {isa = PBXFileReference; lastKnownFileType = sourcecode.swift; path = PickupMessage.swift; sourceTree = "<group>"; };
		20A0850B23C1DDD30057E5C5 /* RetailStore.swift */ = {isa = PBXFileReference; lastKnownFileType = sourcecode.swift; path = RetailStore.swift; sourceTree = "<group>"; };
		20A0850D23C1DDF70057E5C5 /* Product.swift */ = {isa = PBXFileReference; lastKnownFileType = sourcecode.swift; path = Product.swift; sourceTree = "<group>"; };
		20A0850F23C1F0EB0057E5C5 /* Config.plist */ = {isa = PBXFileReference; lastKnownFileType = text.plist.xml; path = Config.plist; sourceTree = "<group>"; };
		20B698F823BA02D800069F95 /* swift-store-checker */ = {isa = PBXFileReference; explicitFileType = "compiled.mach-o.executable"; includeInIndex = 0; path = "swift-store-checker"; sourceTree = BUILT_PRODUCTS_DIR; };
		20B698FB23BA02D800069F95 /* main.swift */ = {isa = PBXFileReference; lastKnownFileType = sourcecode.swift; path = main.swift; sourceTree = "<group>"; };
/* End PBXFileReference section */

/* Begin PBXFrameworksBuildPhase section */
		20B698F523BA02D800069F95 /* Frameworks */ = {
			isa = PBXFrameworksBuildPhase;
			buildActionMask = 2147483647;
			files = (
			);
			runOnlyForDeploymentPostprocessing = 0;
		};
/* End PBXFrameworksBuildPhase section */

/* Begin PBXGroup section */
		20A0850923C1DD8D0057E5C5 /* Codables */ = {
			isa = PBXGroup;
			children = (
				20A084F923C1DCD00057E5C5 /* Address.swift */,
				20A0850523C1DD5B0057E5C5 /* Head.swift */,
				20A084FD23C1DD100057E5C5 /* Hour.swift */,
				20A084FB23C1DCE70057E5C5 /* PartAvailability.swift */,
				20A0850723C1DD6D0057E5C5 /* PickupMessage.swift */,
				20A0850323C1DD4A0057E5C5 /* PickupMessageBody.swift */,
				20A0850123C1DD340057E5C5 /* Store.swift */,
				20A084FF23C1DD240057E5C5 /* StoreHours.swift */,
			);
			path = Codables;
			sourceTree = "<group>";
		};
		20A0850A23C1DDC60057E5C5 /* Models */ = {
			isa = PBXGroup;
			children = (
				20A0850B23C1DDD30057E5C5 /* RetailStore.swift */,
				20A0850D23C1DDF70057E5C5 /* Product.swift */,
			);
			path = Models;
			sourceTree = "<group>";
		};
		20B698EF23BA02D800069F95 = {
			isa = PBXGroup;
			children = (
				20B698FA23BA02D800069F95 /* swift-store-checker */,
				20B698F923BA02D800069F95 /* Products */,
			);
			sourceTree = "<group>";
		};
		20B698F923BA02D800069F95 /* Products */ = {
			isa = PBXGroup;
			children = (
				20B698F823BA02D800069F95 /* swift-store-checker */,
			);
			name = Products;
			sourceTree = "<group>";
		};
		20B698FA23BA02D800069F95 /* swift-store-checker */ = {
			isa = PBXGroup;
			children = (
				20A084F523C153800057E5C5 /* api.swift */,
				20B698FB23BA02D800069F95 /* main.swift */,
				20A0850923C1DD8D0057E5C5 /* Codables */,
				20A0850A23C1DDC60057E5C5 /* Models */,
				20A0850F23C1F0EB0057E5C5 /* Config.plist */,
			);
			path = "swift-store-checker";
			sourceTree = "<group>";
		};
/* End PBXGroup section */

/* Begin PBXNativeTarget section */
		20B698F723BA02D800069F95 /* swift-store-checker */ = {
			isa = PBXNativeTarget;
			buildConfigurationList = 20B698FF23BA02D800069F95 /* Build configuration list for PBXNativeTarget "swift-store-checker" */;
			buildPhases = (
				20B698F423BA02D800069F95 /* Sources */,
				20B698F523BA02D800069F95 /* Frameworks */,
				20B698F623BA02D800069F95 /* CopyFiles */,
			);
			buildRules = (
			);
			dependencies = (
			);
			name = "swift-store-checker";
			productName = "swift-store-checker";
			productReference = 20B698F823BA02D800069F95 /* swift-store-checker */;
			productType = "com.apple.product-type.tool";
		};
/* End PBXNativeTarget section */

/* Begin PBXProject section */
		20B698F023BA02D800069F95 /* Project object */ = {
			isa = PBXProject;
			attributes = {
				LastSwiftUpdateCheck = 1130;
				LastUpgradeCheck = 1130;
				ORGANIZATIONNAME = "Gerard Giné";
				TargetAttributes = {
					20B698F723BA02D800069F95 = {
						CreatedOnToolsVersion = 11.3;
					};
				};
			};
			buildConfigurationList = 20B698F323BA02D800069F95 /* Build configuration list for PBXProject "swift-store-checker" */;
			compatibilityVersion = "Xcode 9.3";
			developmentRegion = en;
			hasScannedForEncodings = 0;
			knownRegions = (
				en,
				Base,
			);
			mainGroup = 20B698EF23BA02D800069F95;
			productRefGroup = 20B698F923BA02D800069F95 /* Products */;
			projectDirPath = "";
			projectRoot = "";
			targets = (
				20B698F723BA02D800069F95 /* swift-store-checker */,
			);
		};
/* End PBXProject section */

/* Begin PBXSourcesBuildPhase section */
		20B698F423BA02D800069F95 /* Sources */ = {
			isa = PBXSourcesBuildPhase;
			buildActionMask = 2147483647;
			files = (
				20A0850623C1DD5B0057E5C5 /* Head.swift in Sources */,
				20B698FC23BA02D800069F95 /* main.swift in Sources */,
				20A0850C23C1DDD30057E5C5 /* RetailStore.swift in Sources */,
				20A0850823C1DD6D0057E5C5 /* PickupMessage.swift in Sources */,
				20A084FA23C1DCD00057E5C5 /* Address.swift in Sources */,
				20A0850E23C1DDF70057E5C5 /* Product.swift in Sources */,
				20A0850223C1DD340057E5C5 /* Store.swift in Sources */,
				20A0850023C1DD240057E5C5 /* StoreHours.swift in Sources */,
				20A0850423C1DD4A0057E5C5 /* PickupMessageBody.swift in Sources */,
				20A084FE23C1DD100057E5C5 /* Hour.swift in Sources */,
				20A084F623C153800057E5C5 /* api.swift in Sources */,
				20A084FC23C1DCE70057E5C5 /* PartAvailability.swift in Sources */,
			);
			runOnlyForDeploymentPostprocessing = 0;
		};
/* End PBXSourcesBuildPhase section */

/* Begin XCBuildConfiguration section */
		20B698FD23BA02D800069F95 /* Debug */ = {
			isa = XCBuildConfiguration;
			buildSettings = {
				ALWAYS_SEARCH_USER_PATHS = NO;
				CLANG_ANALYZER_NONNULL = YES;
				CLANG_ANALYZER_NUMBER_OBJECT_CONVERSION = YES_AGGRESSIVE;
				CLANG_CXX_LANGUAGE_STANDARD = "gnu++14";
				CLANG_CXX_LIBRARY = "libc++";
				CLANG_ENABLE_MODULES = YES;
				CLANG_ENABLE_OBJC_ARC = YES;
				CLANG_ENABLE_OBJC_WEAK = YES;
				CLANG_WARN_BLOCK_CAPTURE_AUTORELEASING = YES;
				CLANG_WARN_BOOL_CONVERSION = YES;
				CLANG_WARN_COMMA = YES;
				CLANG_WARN_CONSTANT_CONVERSION = YES;
				CLANG_WARN_DEPRECATED_OBJC_IMPLEMENTATIONS = YES;
				CLANG_WARN_DIRECT_OBJC_ISA_USAGE = YES_ERROR;
				CLANG_WARN_DOCUMENTATION_COMMENTS = YES;
				CLANG_WARN_EMPTY_BODY = YES;
				CLANG_WARN_ENUM_CONVERSION = YES;
				CLANG_WARN_INFINITE_RECURSION = YES;
				CLANG_WARN_INT_CONVERSION = YES;
				CLANG_WARN_NON_LITERAL_NULL_CONVERSION = YES;
				CLANG_WARN_OBJC_IMPLICIT_RETAIN_SELF = YES;
				CLANG_WARN_OBJC_LITERAL_CONVERSION = YES;
				CLANG_WARN_OBJC_ROOT_CLASS = YES_ERROR;
				CLANG_WARN_RANGE_LOOP_ANALYSIS = YES;
				CLANG_WARN_STRICT_PROTOTYPES = YES;
				CLANG_WARN_SUSPICIOUS_MOVE = YES;
				CLANG_WARN_UNGUARDED_AVAILABILITY = YES_AGGRESSIVE;
				CLANG_WARN_UNREACHABLE_CODE = YES;
				CLANG_WARN__DUPLICATE_METHOD_MATCH = YES;
				COPY_PHASE_STRIP = NO;
				DEBUG_INFORMATION_FORMAT = dwarf;
				ENABLE_STRICT_OBJC_MSGSEND = YES;
				ENABLE_TESTABILITY = YES;
				GCC_C_LANGUAGE_STANDARD = gnu11;
				GCC_DYNAMIC_NO_PIC = NO;
				GCC_NO_COMMON_BLOCKS = YES;
				GCC_OPTIMIZATION_LEVEL = 0;
				GCC_PREPROCESSOR_DEFINITIONS = (
					"DEBUG=1",
					"$(inherited)",
				);
				GCC_WARN_64_TO_32_BIT_CONVERSION = YES;
				GCC_WARN_ABOUT_RETURN_TYPE = YES_ERROR;
				GCC_WARN_UNDECLARED_SELECTOR = YES;
				GCC_WARN_UNINITIALIZED_AUTOS = YES_AGGRESSIVE;
				GCC_WARN_UNUSED_FUNCTION = YES;
				GCC_WARN_UNUSED_VARIABLE = YES;
				MACOSX_DEPLOYMENT_TARGET = 10.15;
				MTL_ENABLE_DEBUG_INFO = INCLUDE_SOURCE;
				MTL_FAST_MATH = YES;
				ONLY_ACTIVE_ARCH = YES;
				SDKROOT = macosx;
				SWIFT_ACTIVE_COMPILATION_CONDITIONS = DEBUG;
				SWIFT_OPTIMIZATION_LEVEL = "-Onone";
			};
			name = Debug;
		};
		20B698FE23BA02D800069F95 /* Release */ = {
			isa = XCBuildConfiguration;
			buildSettings = {
				ALWAYS_SEARCH_USER_PATHS = NO;
				CLANG_ANALYZER_NONNULL = YES;
				CLANG_ANALYZER_NUMBER_OBJECT_CONVERSION = YES_AGGRESSIVE;
				CLANG_CXX_LANGUAGE_STANDARD = "gnu++14";
				CLANG_CXX_LIBRARY = "libc++";
				CLANG_ENABLE_MODULES = YES;
				CLANG_ENABLE_OBJC_ARC = YES;
				CLANG_ENABLE_OBJC_WEAK = YES;
				CLANG_WARN_BLOCK_CAPTURE_AUTORELEASING = YES;
				CLANG_WARN_BOOL_CONVERSION = YES;
				CLANG_WARN_COMMA = YES;
				CLANG_WARN_CONSTANT_CONVERSION = YES;
				CLANG_WARN_DEPRECATED_OBJC_IMPLEMENTATIONS = YES;
				CLANG_WARN_DIRECT_OBJC_ISA_USAGE = YES_ERROR;
				CLANG_WARN_DOCUMENTATION_COMMENTS = YES;
				CLANG_WARN_EMPTY_BODY = YES;
				CLANG_WARN_ENUM_CONVERSION = YES;
				CLANG_WARN_INFINITE_RECURSION = YES;
				CLANG_WARN_INT_CONVERSION = YES;
				CLANG_WARN_NON_LITERAL_NULL_CONVERSION = YES;
				CLANG_WARN_OBJC_IMPLICIT_RETAIN_SELF = YES;
				CLANG_WARN_OBJC_LITERAL_CONVERSION = YES;
				CLANG_WARN_OBJC_ROOT_CLASS = YES_ERROR;
				CLANG_WARN_RANGE_LOOP_ANALYSIS = YES;
				CLANG_WARN_STRICT_PROTOTYPES = YES;
				CLANG_WARN_SUSPICIOUS_MOVE = YES;
				CLANG_WARN_UNGUARDED_AVAILABILITY = YES_AGGRESSIVE;
				CLANG_WARN_UNREACHABLE_CODE = YES;
				CLANG_WARN__DUPLICATE_METHOD_MATCH = YES;
				COPY_PHASE_STRIP = NO;
				DEBUG_INFORMATION_FORMAT = "dwarf-with-dsym";
				ENABLE_NS_ASSERTIONS = NO;
				ENABLE_STRICT_OBJC_MSGSEND = YES;
				GCC_C_LANGUAGE_STANDARD = gnu11;
				GCC_NO_COMMON_BLOCKS = YES;
				GCC_WARN_64_TO_32_BIT_CONVERSION = YES;
				GCC_WARN_ABOUT_RETURN_TYPE = YES_ERROR;
				GCC_WARN_UNDECLARED_SELECTOR = YES;
				GCC_WARN_UNINITIALIZED_AUTOS = YES_AGGRESSIVE;
				GCC_WARN_UNUSED_FUNCTION = YES;
				GCC_WARN_UNUSED_VARIABLE = YES;
				MACOSX_DEPLOYMENT_TARGET = 10.15;
				MTL_ENABLE_DEBUG_INFO = NO;
				MTL_FAST_MATH = YES;
				SDKROOT = macosx;
				SWIFT_COMPILATION_MODE = wholemodule;
				SWIFT_OPTIMIZATION_LEVEL = "-O";
			};
			name = Release;
		};
		20B6990023BA02D800069F95 /* Debug */ = {
			isa = XCBuildConfiguration;
			buildSettings = {
				CODE_SIGN_STYLE = Automatic;
				DEVELOPMENT_TEAM = YKQMTHA7CG;
				ENABLE_HARDENED_RUNTIME = YES;
				PRODUCT_NAME = "$(TARGET_NAME)";
				SWIFT_VERSION = 5.0;
			};
			name = Debug;
		};
		20B6990123BA02D800069F95 /* Release */ = {
			isa = XCBuildConfiguration;
			buildSettings = {
				CODE_SIGN_STYLE = Automatic;
				DEVELOPMENT_TEAM = YKQMTHA7CG;
				ENABLE_HARDENED_RUNTIME = YES;
				PRODUCT_NAME = "$(TARGET_NAME)";
				SWIFT_VERSION = 5.0;
			};
			name = Release;
		};
/* End XCBuildConfiguration section */

/* Begin XCConfigurationList section */
		20B698F323BA02D800069F95 /* Build configuration list for PBXProject "swift-store-checker" */ = {
			isa = XCConfigurationList;
			buildConfigurations = (
				20B698FD23BA02D800069F95 /* Debug */,
				20B698FE23BA02D800069F95 /* Release */,
			);
			defaultConfigurationIsVisible = 0;
			defaultConfigurationName = Release;
		};
		20B698FF23BA02D800069F95 /* Build configuration list for PBXNativeTarget "swift-store-checker" */ = {
			isa = XCConfigurationList;
			buildConfigurations = (
				20B6990023BA02D800069F95 /* Debug */,
				20B6990123BA02D800069F95 /* Release */,
			);
			defaultConfigurationIsVisible = 0;
			defaultConfigurationName = Release;
		};
/* End XCConfigurationList section */
	};
	rootObject = 20B698F023BA02D800069F95 /* Project object */;
}
